
Microsoft Visual Studio Solution File, Format Version 12.00
# Visual Studio Version 17
VisualStudioVersion = 17.8.34330.188
MinimumVisualStudioVersion = 10.0.40219.1
Project("{FAE04EC0-301F-11D3-BF4B-00C04F79EFBC}") = "BankAccount", "BankAccount\BankAccount.csproj", "{94385D66-C7B1-4FDE-9EFB-2D4308E6A3F8}"
EndProject
Project("{FAE04EC0-301F-11D3-BF4B-00C04F79EFBC}") = "BankAccountTests", "BankAccountTests\BankAccountTests.csproj", "{C98F428A-6BD8-4A56-AF23-8FCF54893524}"
EndProject
Global
	GlobalSection(SolutionConfigurationPlatforms) = preSolution
		Debug|Any CPU = Debug|Any CPU
		Release|Any CPU = Release|Any CPU
	EndGlobalSection
	GlobalSection(ProjectConfigurationPlatforms) = postSolution
		{94385D66-C7B1-4FDE-9EFB-2D4308E6A3F8}.Debug|Any CPU.ActiveCfg = Debug|Any CPU
		{94385D66-C7B1-4FDE-9EFB-2D4308E6A3F8}.Debug|Any CPU.Build.0 = Debug|Any CPU
		{94385D66-C7B1-4FDE-9EFB-2D4308E6A3F8}.Release|Any CPU.ActiveCfg = Release|Any CPU
		{94385D66-C7B1-4FDE-9EFB-2D4308E6A3F8}.Release|Any CPU.Build.0 = Release|Any CPU
		{C98F428A-6BD8-4A56-AF23-8FCF54893524}.Debug|Any CPU.ActiveCfg = Debug|Any CPU
		{C98F428A-6BD8-4A56-AF23-8FCF54893524}.Debug|Any CPU.Build.0 = Debug|Any CPU
		{C98F428A-6BD8-4A56-AF23-8FCF54893524}.Release|Any CPU.ActiveCfg = Release|Any CPU
		{C98F428A-6BD8-4A56-AF23-8FCF54893524}.Release|Any CPU.Build.0 = Release|Any CPU
	EndGlobalSection
	GlobalSection(SolutionProperties) = preSolution
		HideSolutionNode = FALSE
	EndGlobalSection
	GlobalSection(ExtensibilityGlobals) = postSolution
		SolutionGuid = {F42984C4-833A-49B1-B715-9F0BDAA484FF}
	EndGlobalSection
EndGlobal
